
Microsoft Visual Studio Solution File, Format Version 12.00
# Visual Studio 2013
VisualStudioVersion = 12.0.31101.0
MinimumVisualStudioVersion = 10.0.40219.1
Project("{FAE04EC0-301F-11D3-BF4B-00C04F79EFBC}") = "Chapter7", "Chapter7\Chapter7.csproj", "{28A9A479-7AF9-475E-9D63-0376B6C19A96}"
EndProject
Project("{FAE04EC0-301F-11D3-BF4B-00C04F79EFBC}") = "5-MaxSequenceOfIncreasing", "5-MaxSequenceOfIncreasing\5-MaxSequenceOfIncreasing.csproj", "{EF665062-1CD2-4410-A2D4-EB9CC7D2F8EE}"
EndProject
Project("{FAE04EC0-301F-11D3-BF4B-00C04F79EFBC}") = "CompoundInterest", "CompoundInterest\CompoundInterest.csproj", "{42BFDB77-EB04-4354-9DBA-52FEC25EFF5A}"
EndProject
Project("{FAE04EC0-301F-11D3-BF4B-00C04F79EFBC}") = "Petar's Game", "Petar's Game\Petar's Game.csproj", "{3C22F0AD-9E9D-4D71-847D-C647834D36DB}"
EndProject
Project("{FAE04EC0-301F-11D3-BF4B-00C04F79EFBC}") = "Sunlight", "Sunlight\Sunlight.csproj", "{7C18EACD-87B5-4E3D-95A7-87850968B8A5}"
EndProject
Project("{FAE04EC0-301F-11D3-BF4B-00C04F79EFBC}") = "Encrypt", "Encrypt\Encrypt.csproj", "{E785BB3A-0D6C-4E34-BB15-44BED7FD398A}"
EndProject
Project("{FAE04EC0-301F-11D3-BF4B-00C04F79EFBC}") = "GameOfLife", "GameOfLife\GameOfLife.csproj", "{3003F366-EFF5-4A86-A93C-E8BB9FCFF1B0}"
EndProject
Project("{FAE04EC0-301F-11D3-BF4B-00C04F79EFBC}") = "PascalTriangle", "PascalTriangle\PascalTriangle.csproj", "{439AF5B0-D294-45DE-947A-67D31FD98C19}"
EndProject
Project("{FAE04EC0-301F-11D3-BF4B-00C04F79EFBC}") = "SubSequenceIncreasing", "SubSequenceIncreasing\SubSequenceIncreasing.csproj", "{E96F23A4-8690-4B86-BC40-D1F38740219E}"
EndProject
Project("{FAE04EC0-301F-11D3-BF4B-00C04F79EFBC}") = "Panagram", "Panagram\Panagram.csproj", "{F677ED80-2F49-4E0C-AD17-CEEFA0490E11}"
EndProject
Project("{FAE04EC0-301F-11D3-BF4B-00C04F79EFBC}") = "BitFlip", "BitFlip\BitFlip.csproj", "{802A1F81-4C40-4807-A8D3-1927EF8C81E3}"
EndProject
Project("{FAE04EC0-301F-11D3-BF4B-00C04F79EFBC}") = "LonelyInteger", "LonelyInteger\LonelyInteger.csproj", "{90B338D2-F465-47B8-9F79-CD5B93ABB3DE}"
EndProject
Project("{FAE04EC0-301F-11D3-BF4B-00C04F79EFBC}") = "Find Digits", "Find Digits\Find Digits.csproj", "{252F4752-9CAF-4FE4-B26A-8C98B17B6D07}"
EndProject
Global
	GlobalSection(SolutionConfigurationPlatforms) = preSolution
		Debug|Any CPU = Debug|Any CPU
		Release|Any CPU = Release|Any CPU
	EndGlobalSection
	GlobalSection(ProjectConfigurationPlatforms) = postSolution
		{28A9A479-7AF9-475E-9D63-0376B6C19A96}.Debug|Any CPU.ActiveCfg = Debug|Any CPU
		{28A9A479-7AF9-475E-9D63-0376B6C19A96}.Debug|Any CPU.Build.0 = Debug|Any CPU
		{28A9A479-7AF9-475E-9D63-0376B6C19A96}.Release|Any CPU.ActiveCfg = Release|Any CPU
		{28A9A479-7AF9-475E-9D63-0376B6C19A96}.Release|Any CPU.Build.0 = Release|Any CPU
		{EF665062-1CD2-4410-A2D4-EB9CC7D2F8EE}.Debug|Any CPU.ActiveCfg = Debug|Any CPU
		{EF665062-1CD2-4410-A2D4-EB9CC7D2F8EE}.Debug|Any CPU.Build.0 = Debug|Any CPU
		{EF665062-1CD2-4410-A2D4-EB9CC7D2F8EE}.Release|Any CPU.ActiveCfg = Release|Any CPU
		{EF665062-1CD2-4410-A2D4-EB9CC7D2F8EE}.Release|Any CPU.Build.0 = Release|Any CPU
		{42BFDB77-EB04-4354-9DBA-52FEC25EFF5A}.Debug|Any CPU.ActiveCfg = Debug|Any CPU
		{42BFDB77-EB04-4354-9DBA-52FEC25EFF5A}.Debug|Any CPU.Build.0 = Debug|Any CPU
		{42BFDB77-EB04-4354-9DBA-52FEC25EFF5A}.Release|Any CPU.ActiveCfg = Release|Any CPU
		{42BFDB77-EB04-4354-9DBA-52FEC25EFF5A}.Release|Any CPU.Build.0 = Release|Any CPU
		{3C22F0AD-9E9D-4D71-847D-C647834D36DB}.Debug|Any CPU.ActiveCfg = Debug|Any CPU
		{3C22F0AD-9E9D-4D71-847D-C647834D36DB}.Debug|Any CPU.Build.0 = Debug|Any CPU
		{3C22F0AD-9E9D-4D71-847D-C647834D36DB}.Release|Any CPU.ActiveCfg = Release|Any CPU
		{3C22F0AD-9E9D-4D71-847D-C647834D36DB}.Release|Any CPU.Build.0 = Release|Any CPU
		{7C18EACD-87B5-4E3D-95A7-87850968B8A5}.Debug|Any CPU.ActiveCfg = Debug|Any CPU
		{7C18EACD-87B5-4E3D-95A7-87850968B8A5}.Debug|Any CPU.Build.0 = Debug|Any CPU
		{7C18EACD-87B5-4E3D-95A7-87850968B8A5}.Release|Any CPU.ActiveCfg = Release|Any CPU
		{7C18EACD-87B5-4E3D-95A7-87850968B8A5}.Release|Any CPU.Build.0 = Release|Any CPU
		{E785BB3A-0D6C-4E34-BB15-44BED7FD398A}.Debug|Any CPU.ActiveCfg = Debug|Any CPU
		{E785BB3A-0D6C-4E34-BB15-44BED7FD398A}.Debug|Any CPU.Build.0 = Debug|Any CPU
		{E785BB3A-0D6C-4E34-BB15-44BED7FD398A}.Release|Any CPU.ActiveCfg = Release|Any CPU
		{E785BB3A-0D6C-4E34-BB15-44BED7FD398A}.Release|Any CPU.Build.0 = Release|Any CPU
		{3003F366-EFF5-4A86-A93C-E8BB9FCFF1B0}.Debug|Any CPU.ActiveCfg = Debug|Any CPU
		{3003F366-EFF5-4A86-A93C-E8BB9FCFF1B0}.Debug|Any CPU.Build.0 = Debug|Any CPU
		{3003F366-EFF5-4A86-A93C-E8BB9FCFF1B0}.Release|Any CPU.ActiveCfg = Release|Any CPU
		{3003F366-EFF5-4A86-A93C-E8BB9FCFF1B0}.Release|Any CPU.Build.0 = Release|Any CPU
		{439AF5B0-D294-45DE-947A-67D31FD98C19}.Debug|Any CPU.ActiveCfg = Debug|Any CPU
		{439AF5B0-D294-45DE-947A-67D31FD98C19}.Debug|Any CPU.Build.0 = Debug|Any CPU
		{439AF5B0-D294-45DE-947A-67D31FD98C19}.Release|Any CPU.ActiveCfg = Release|Any CPU
		{439AF5B0-D294-45DE-947A-67D31FD98C19}.Release|Any CPU.Build.0 = Release|Any CPU
		{E96F23A4-8690-4B86-BC40-D1F38740219E}.Debug|Any CPU.ActiveCfg = Debug|Any CPU
		{E96F23A4-8690-4B86-BC40-D1F38740219E}.Debug|Any CPU.Build.0 = Debug|Any CPU
		{E96F23A4-8690-4B86-BC40-D1F38740219E}.Release|Any CPU.ActiveCfg = Release|Any CPU
		{E96F23A4-8690-4B86-BC40-D1F38740219E}.Release|Any CPU.Build.0 = Release|Any CPU
		{F677ED80-2F49-4E0C-AD17-CEEFA0490E11}.Debug|Any CPU.ActiveCfg = Debug|Any CPU
		{F677ED80-2F49-4E0C-AD17-CEEFA0490E11}.Debug|Any CPU.Build.0 = Debug|Any CPU
		{F677ED80-2F49-4E0C-AD17-CEEFA0490E11}.Release|Any CPU.ActiveCfg = Release|Any CPU
		{F677ED80-2F49-4E0C-AD17-CEEFA0490E11}.Release|Any CPU.Build.0 = Release|Any CPU
		{802A1F81-4C40-4807-A8D3-1927EF8C81E3}.Debug|Any CPU.ActiveCfg = Debug|Any CPU
		{802A1F81-4C40-4807-A8D3-1927EF8C81E3}.Debug|Any CPU.Build.0 = Debug|Any CPU
		{802A1F81-4C40-4807-A8D3-1927EF8C81E3}.Release|Any CPU.ActiveCfg = Release|Any CPU
		{802A1F81-4C40-4807-A8D3-1927EF8C81E3}.Release|Any CPU.Build.0 = Release|Any CPU
		{90B338D2-F465-47B8-9F79-CD5B93ABB3DE}.Debug|Any CPU.ActiveCfg = Debug|Any CPU
		{90B338D2-F465-47B8-9F79-CD5B93ABB3DE}.Debug|Any CPU.Build.0 = Debug|Any CPU
		{90B338D2-F465-47B8-9F79-CD5B93ABB3DE}.Release|Any CPU.ActiveCfg = Release|Any CPU
		{90B338D2-F465-47B8-9F79-CD5B93ABB3DE}.Release|Any CPU.Build.0 = Release|Any CPU
		{252F4752-9CAF-4FE4-B26A-8C98B17B6D07}.Debug|Any CPU.ActiveCfg = Debug|Any CPU
		{252F4752-9CAF-4FE4-B26A-8C98B17B6D07}.Debug|Any CPU.Build.0 = Debug|Any CPU
		{252F4752-9CAF-4FE4-B26A-8C98B17B6D07}.Release|Any CPU.ActiveCfg = Release|Any CPU
		{252F4752-9CAF-4FE4-B26A-8C98B17B6D07}.Release|Any CPU.Build.0 = Release|Any CPU
	EndGlobalSection
	GlobalSection(SolutionProperties) = preSolution
		HideSolutionNode = FALSE
	EndGlobalSection
EndGlobal
