
Microsoft Visual Studio Solution File, Format Version 12.00
# Visual Studio 2013
VisualStudioVersion = 12.0.31101.0
MinimumVisualStudioVersion = 10.0.40219.1
Project("{FAE04EC0-301F-11D3-BF4B-00C04F79EFBC}") = "01. Simple Calculation", "01. Simple Calculation\01. Simple Calculation.csproj", "{FAF11FE4-F9D0-47B8-9B0D-358C95999277}"
EndProject
Project("{FAE04EC0-301F-11D3-BF4B-00C04F79EFBC}") = "02. Simple Loops", "02. Simple Loops\02. Simple Loops.csproj", "{0D9F2FFF-2E7C-4223-A5EC-2F81B5BB3CE1}"
EndProject
Project("{FAE04EC0-301F-11D3-BF4B-00C04F79EFBC}") = "03. Draw Figure", "03. Draw Figure\03. Draw Figure.csproj", "{F950277E-B671-482C-A81C-4DC3079E24E8}"
EndProject
Project("{FAE04EC0-301F-11D3-BF4B-00C04F79EFBC}") = "04. Nested Loops", "04. Nested Loops\04. Nested Loops.csproj", "{55B77F4A-BF11-41EF-AFC9-A8DA428900B2}"
EndProject
Project("{FAE04EC0-301F-11D3-BF4B-00C04F79EFBC}") = "05. Bitwise Operators", "05. Bitwise Operators\05. Bitwise Operators.csproj", "{35AF0D3A-9CD6-4B49-9724-3C370BD776F5}"
EndProject
Global
	GlobalSection(SolutionConfigurationPlatforms) = preSolution
		Debug|Any CPU = Debug|Any CPU
		Release|Any CPU = Release|Any CPU
	EndGlobalSection
	GlobalSection(ProjectConfigurationPlatforms) = postSolution
		{FAF11FE4-F9D0-47B8-9B0D-358C95999277}.Debug|Any CPU.ActiveCfg = Debug|Any CPU
		{FAF11FE4-F9D0-47B8-9B0D-358C95999277}.Debug|Any CPU.Build.0 = Debug|Any CPU
		{FAF11FE4-F9D0-47B8-9B0D-358C95999277}.Release|Any CPU.ActiveCfg = Release|Any CPU
		{FAF11FE4-F9D0-47B8-9B0D-358C95999277}.Release|Any CPU.Build.0 = Release|Any CPU
		{0D9F2FFF-2E7C-4223-A5EC-2F81B5BB3CE1}.Debug|Any CPU.ActiveCfg = Debug|Any CPU
		{0D9F2FFF-2E7C-4223-A5EC-2F81B5BB3CE1}.Debug|Any CPU.Build.0 = Debug|Any CPU
		{0D9F2FFF-2E7C-4223-A5EC-2F81B5BB3CE1}.Release|Any CPU.ActiveCfg = Release|Any CPU
		{0D9F2FFF-2E7C-4223-A5EC-2F81B5BB3CE1}.Release|Any CPU.Build.0 = Release|Any CPU
		{F950277E-B671-482C-A81C-4DC3079E24E8}.Debug|Any CPU.ActiveCfg = Debug|Any CPU
		{F950277E-B671-482C-A81C-4DC3079E24E8}.Debug|Any CPU.Build.0 = Debug|Any CPU
		{F950277E-B671-482C-A81C-4DC3079E24E8}.Release|Any CPU.ActiveCfg = Release|Any CPU
		{F950277E-B671-482C-A81C-4DC3079E24E8}.Release|Any CPU.Build.0 = Release|Any CPU
		{55B77F4A-BF11-41EF-AFC9-A8DA428900B2}.Debug|Any CPU.ActiveCfg = Debug|Any CPU
		{55B77F4A-BF11-41EF-AFC9-A8DA428900B2}.Debug|Any CPU.Build.0 = Debug|Any CPU
		{55B77F4A-BF11-41EF-AFC9-A8DA428900B2}.Release|Any CPU.ActiveCfg = Release|Any CPU
		{55B77F4A-BF11-41EF-AFC9-A8DA428900B2}.Release|Any CPU.Build.0 = Release|Any CPU
		{35AF0D3A-9CD6-4B49-9724-3C370BD776F5}.Debug|Any CPU.ActiveCfg = Debug|Any CPU
		{35AF0D3A-9CD6-4B49-9724-3C370BD776F5}.Debug|Any CPU.Build.0 = Debug|Any CPU
		{35AF0D3A-9CD6-4B49-9724-3C370BD776F5}.Release|Any CPU.ActiveCfg = Release|Any CPU
		{35AF0D3A-9CD6-4B49-9724-3C370BD776F5}.Release|Any CPU.Build.0 = Release|Any CPU
	EndGlobalSection
	GlobalSection(SolutionProperties) = preSolution
		HideSolutionNode = FALSE
	EndGlobalSection
EndGlobal
